
Microsoft Visual Studio Solution File, Format Version 12.00
# Visual Studio Version 17
VisualStudioVersion = 17.12.35527.113
MinimumVisualStudioVersion = 10.0.40219.1
Project("{2150E333-8FDC-42A3-9474-1A3956D46DE8}") = "Core", "Core", "{45350396-24C5-4FCE-AFAD-BA670A0BCE0D}"
EndProject
Project("{FAE04EC0-301F-11D3-BF4B-00C04F79EFBC}") = "FinPay.Domain", "Core\FinPay.Domain\FinPay.Domain.csproj", "{4A375C86-90FA-486F-AA3E-EFAC29A07294}"
EndProject
Project("{FAE04EC0-301F-11D3-BF4B-00C04F79EFBC}") = "FinPay.Application", "Core\FinPay.Application\FinPay.Application.csproj", "{FFFDD799-DD67-4FB2-8E1B-335FFC044C49}"
EndProject
Project("{2150E333-8FDC-42A3-9474-1A3956D46DE8}") = "Infrasturcture", "Infrasturcture", "{DE652FCE-B2F9-433E-BC77-CB597FEC86AD}"
EndProject
Project("{FAE04EC0-301F-11D3-BF4B-00C04F79EFBC}") = "FinPay. Infrastructure", "Infrasturcture\FinPay.Infrasturcture\FinPay. Infrastructure.csproj", "{81CFD1EB-E58A-47A7-8781-A96DAADC1375}"
EndProject
Project("{2150E333-8FDC-42A3-9474-1A3956D46DE8}") = "Persistence", "Persistence", "{9CF0C4E3-E304-4411-AD16-D10877CFC22C}"
EndProject
Project("{FAE04EC0-301F-11D3-BF4B-00C04F79EFBC}") = "FinPay.Persistence", "Persistence\FinPay.Persistence\FinPay.Persistence.csproj", "{DAA58652-747F-4B7F-95C7-E7F496ABF5AD}"
EndProject
Project("{2150E333-8FDC-42A3-9474-1A3956D46DE8}") = "Presentation", "Presentation", "{DFE1F7A9-0046-4972-A914-47A71DA99256}"
EndProject
Project("{FAE04EC0-301F-11D3-BF4B-00C04F79EFBC}") = "FinPay.Presentation", "Persentetion\FinPay.Persentetion\FinPay.Presentation.csproj", "{F7454FF3-9569-4689-BA1D-69D165DBA78E}"
EndProject
Project("{FAE04EC0-301F-11D3-BF4B-00C04F79EFBC}") = "FinPay.MessageRetryEngine", "MessageRetryEngine\FinPay.MessageRetryEngine.csproj", "{E19850F5-BBEE-410F-9D93-703B5D07F1A6}"
EndProject
Project("{FAE04EC0-301F-11D3-BF4B-00C04F79EFBC}") = "Finpay.SignalR", "Finpay.SignalR\Finpay.SignalR.csproj", "{74E3BD30-D1A0-4277-99D3-F66A6E96F9A3}"
EndProject
Global
	GlobalSection(SolutionConfigurationPlatforms) = preSolution
		Debug|Any CPU = Debug|Any CPU
		Release|Any CPU = Release|Any CPU
	EndGlobalSection
	GlobalSection(ProjectConfigurationPlatforms) = postSolution
		{4A375C86-90FA-486F-AA3E-EFAC29A07294}.Debug|Any CPU.ActiveCfg = Debug|Any CPU
		{4A375C86-90FA-486F-AA3E-EFAC29A07294}.Debug|Any CPU.Build.0 = Debug|Any CPU
		{4A375C86-90FA-486F-AA3E-EFAC29A07294}.Release|Any CPU.ActiveCfg = Release|Any CPU
		{4A375C86-90FA-486F-AA3E-EFAC29A07294}.Release|Any CPU.Build.0 = Release|Any CPU
		{FFFDD799-DD67-4FB2-8E1B-335FFC044C49}.Debug|Any CPU.ActiveCfg = Debug|Any CPU
		{FFFDD799-DD67-4FB2-8E1B-335FFC044C49}.Debug|Any CPU.Build.0 = Debug|Any CPU
		{FFFDD799-DD67-4FB2-8E1B-335FFC044C49}.Release|Any CPU.ActiveCfg = Release|Any CPU
		{FFFDD799-DD67-4FB2-8E1B-335FFC044C49}.Release|Any CPU.Build.0 = Release|Any CPU
		{81CFD1EB-E58A-47A7-8781-A96DAADC1375}.Debug|Any CPU.ActiveCfg = Debug|Any CPU
		{81CFD1EB-E58A-47A7-8781-A96DAADC1375}.Debug|Any CPU.Build.0 = Debug|Any CPU
		{81CFD1EB-E58A-47A7-8781-A96DAADC1375}.Release|Any CPU.ActiveCfg = Release|Any CPU
		{81CFD1EB-E58A-47A7-8781-A96DAADC1375}.Release|Any CPU.Build.0 = Release|Any CPU
		{DAA58652-747F-4B7F-95C7-E7F496ABF5AD}.Debug|Any CPU.ActiveCfg = Debug|Any CPU
		{DAA58652-747F-4B7F-95C7-E7F496ABF5AD}.Debug|Any CPU.Build.0 = Debug|Any CPU
		{DAA58652-747F-4B7F-95C7-E7F496ABF5AD}.Release|Any CPU.ActiveCfg = Release|Any CPU
		{DAA58652-747F-4B7F-95C7-E7F496ABF5AD}.Release|Any CPU.Build.0 = Release|Any CPU
		{F7454FF3-9569-4689-BA1D-69D165DBA78E}.Debug|Any CPU.ActiveCfg = Debug|Any CPU
		{F7454FF3-9569-4689-BA1D-69D165DBA78E}.Debug|Any CPU.Build.0 = Debug|Any CPU
		{F7454FF3-9569-4689-BA1D-69D165DBA78E}.Release|Any CPU.ActiveCfg = Release|Any CPU
		{F7454FF3-9569-4689-BA1D-69D165DBA78E}.Release|Any CPU.Build.0 = Release|Any CPU
		{E19850F5-BBEE-410F-9D93-703B5D07F1A6}.Debug|Any CPU.ActiveCfg = Debug|Any CPU
		{E19850F5-BBEE-410F-9D93-703B5D07F1A6}.Debug|Any CPU.Build.0 = Debug|Any CPU
		{E19850F5-BBEE-410F-9D93-703B5D07F1A6}.Release|Any CPU.ActiveCfg = Release|Any CPU
		{E19850F5-BBEE-410F-9D93-703B5D07F1A6}.Release|Any CPU.Build.0 = Release|Any CPU
		{74E3BD30-D1A0-4277-99D3-F66A6E96F9A3}.Debug|Any CPU.ActiveCfg = Debug|Any CPU
		{74E3BD30-D1A0-4277-99D3-F66A6E96F9A3}.Debug|Any CPU.Build.0 = Debug|Any CPU
		{74E3BD30-D1A0-4277-99D3-F66A6E96F9A3}.Release|Any CPU.ActiveCfg = Release|Any CPU
		{74E3BD30-D1A0-4277-99D3-F66A6E96F9A3}.Release|Any CPU.Build.0 = Release|Any CPU
	EndGlobalSection
	GlobalSection(SolutionProperties) = preSolution
		HideSolutionNode = FALSE
	EndGlobalSection
	GlobalSection(NestedProjects) = preSolution
		{4A375C86-90FA-486F-AA3E-EFAC29A07294} = {45350396-24C5-4FCE-AFAD-BA670A0BCE0D}
		{FFFDD799-DD67-4FB2-8E1B-335FFC044C49} = {45350396-24C5-4FCE-AFAD-BA670A0BCE0D}
		{81CFD1EB-E58A-47A7-8781-A96DAADC1375} = {DE652FCE-B2F9-433E-BC77-CB597FEC86AD}
		{DAA58652-747F-4B7F-95C7-E7F496ABF5AD} = {9CF0C4E3-E304-4411-AD16-D10877CFC22C}
		{F7454FF3-9569-4689-BA1D-69D165DBA78E} = {DFE1F7A9-0046-4972-A914-47A71DA99256}
		{E19850F5-BBEE-410F-9D93-703B5D07F1A6} = {9CF0C4E3-E304-4411-AD16-D10877CFC22C}
		{74E3BD30-D1A0-4277-99D3-F66A6E96F9A3} = {DE652FCE-B2F9-433E-BC77-CB597FEC86AD}
	EndGlobalSection
EndGlobal
